
Microsoft Visual Studio Solution File, Format Version 12.00
Project("{FAE04EC0-301F-11D3-BF4B-00C04F79EFBC}") = "authAPI", "authAPI.csproj", "{798BBD3C-9356-4506-8D4C-8E60016CBCEE}"
EndProject
Global
	GlobalSection(SolutionConfigurationPlatforms) = preSolution
		Debug|Any CPU = Debug|Any CPU
		Release|Any CPU = Release|Any CPU
	EndGlobalSection
	GlobalSection(ProjectConfigurationPlatforms) = postSolution
		{798BBD3C-9356-4506-8D4C-8E60016CBCEE}.Debug|Any CPU.ActiveCfg = Debug|Any CPU
		{798BBD3C-9356-4506-8D4C-8E60016CBCEE}.Debug|Any CPU.Build.0 = Debug|Any CPU
		{798BBD3C-9356-4506-8D4C-8E60016CBCEE}.Release|Any CPU.ActiveCfg = Release|Any CPU
		{798BBD3C-9356-4506-8D4C-8E60016CBCEE}.Release|Any CPU.Build.0 = Release|Any CPU
	EndGlobalSection
EndGlobal
